
Microsoft Visual Studio Solution File, Format Version 12.00
# Visual Studio Version 16
VisualStudioVersion = 16.0.30711.63
MinimumVisualStudioVersion = 10.0.40219.1
Project("{FAE04EC0-301F-11D3-BF4B-00C04F79EFBC}") = "7-3", "7-3\7-3.csproj", "{FCC0F8A5-D193-49F6-99A3-7FD5896BCBFD}"
EndProject
Global
	GlobalSection(SolutionConfigurationPlatforms) = preSolution
		Debug|Any CPU = Debug|Any CPU
		Release|Any CPU = Release|Any CPU
	EndGlobalSection
	GlobalSection(ProjectConfigurationPlatforms) = postSolution
		{FCC0F8A5-D193-49F6-99A3-7FD5896BCBFD}.Debug|Any CPU.ActiveCfg = Debug|Any CPU
		{FCC0F8A5-D193-49F6-99A3-7FD5896BCBFD}.Debug|Any CPU.Build.0 = Debug|Any CPU
		{FCC0F8A5-D193-49F6-99A3-7FD5896BCBFD}.Release|Any CPU.ActiveCfg = Release|Any CPU
		{FCC0F8A5-D193-49F6-99A3-7FD5896BCBFD}.Release|Any CPU.Build.0 = Release|Any CPU
	EndGlobalSection
	GlobalSection(SolutionProperties) = preSolution
		HideSolutionNode = FALSE
	EndGlobalSection
	GlobalSection(ExtensibilityGlobals) = postSolution
		SolutionGuid = {660CF4F8-AA6E-4BFA-8AAA-59B36C841662}
	EndGlobalSection
EndGlobal
